// !$*UTF8*$!
{
	archiveVersion = 1;
	classes = {
	};
	objectVersion = 46;
	objects = {

/* Begin PBXBuildFile section */
		B827408825EF623100730F71 /* RNMobileCore.m in Sources */ = {isa = PBXBuildFile; fileRef = B827408625EF622000730F71 /* RNMobileCore.m */; };
		B827414425EF715F00730F71 /* AEPCore.framework in Frameworks */ = {isa = PBXBuildFile; fileRef = B827412A25EF6FC900730F71 /* AEPCore.framework */; };
/* End PBXBuildFile section */

/* Begin PBXContainerItemProxy section */
		B827412925EF6FC900730F71 /* PBXContainerItemProxy */ = {
			isa = PBXContainerItemProxy;
			containerPortal = B827410925EF6FC900730F71 /* AEPCore.xcodeproj */;
			proxyType = 2;
			remoteGlobalIDString = 21CAC0D62422917600C11388;
			remoteInfo = AEPCore;
		};
		B827412B25EF6FC900730F71 /* PBXContainerItemProxy */ = {
			isa = PBXContainerItemProxy;
			containerPortal = B827410925EF6FC900730F71 /* AEPCore.xcodeproj */;
			proxyType = 2;
			remoteGlobalIDString = 3FF8170A24D89B160064DFA1;
			remoteInfo = AEPCoreMocks;
		};
		B827412D25EF6FC900730F71 /* PBXContainerItemProxy */ = {
			isa = PBXContainerItemProxy;
			containerPortal = B827410925EF6FC900730F71 /* AEPCore.xcodeproj */;
			proxyType = 2;
			remoteGlobalIDString = 21CAC0DF2422917600C11388;
			remoteInfo = AEPCoreTests;
		};
		B827412F25EF6FC900730F71 /* PBXContainerItemProxy */ = {
			isa = PBXContainerItemProxy;
			containerPortal = B827410925EF6FC900730F71 /* AEPCore.xcodeproj */;
			proxyType = 2;
			remoteGlobalIDString = 3FE6DE2F24C642330065EA05;
			remoteInfo = AEPIdentity;
		};
		B827413125EF6FC900730F71 /* PBXContainerItemProxy */ = {
			isa = PBXContainerItemProxy;
			containerPortal = B827410925EF6FC900730F71 /* AEPCore.xcodeproj */;
			proxyType = 2;
			remoteGlobalIDString = 3FE6DE3724C642330065EA05;
			remoteInfo = AEPIdentityTests;
		};
		B827413325EF6FC900730F71 /* PBXContainerItemProxy */ = {
			isa = PBXContainerItemProxy;
			containerPortal = B827410925EF6FC900730F71 /* AEPCore.xcodeproj */;
			proxyType = 2;
			remoteGlobalIDString = 3FE6DDD124C62EE60065EA05;
			remoteInfo = AEPLifecycle;
		};
		B827413525EF6FC900730F71 /* PBXContainerItemProxy */ = {
			isa = PBXContainerItemProxy;
			containerPortal = B827410925EF6FC900730F71 /* AEPCore.xcodeproj */;
			proxyType = 2;
			remoteGlobalIDString = 3FE6DDD924C62EE60065EA05;
			remoteInfo = AEPLifecycleTests;
		};
		B827413725EF6FC900730F71 /* PBXContainerItemProxy */ = {
			isa = PBXContainerItemProxy;
			containerPortal = B827410925EF6FC900730F71 /* AEPCore.xcodeproj */;
			proxyType = 2;
			remoteGlobalIDString = 3F03978724BE5DD30019F095;
			remoteInfo = AEPServices;
		};
		B827413925EF6FC900730F71 /* PBXContainerItemProxy */ = {
			isa = PBXContainerItemProxy;
			containerPortal = B827410925EF6FC900730F71 /* AEPCore.xcodeproj */;
			proxyType = 2;
			remoteGlobalIDString = 3FE6DDA924C62C090065EA05;
			remoteInfo = AEPServicesMocks;
		};
		B827413B25EF6FC900730F71 /* PBXContainerItemProxy */ = {
			isa = PBXContainerItemProxy;
			containerPortal = B827410925EF6FC900730F71 /* AEPCore.xcodeproj */;
			proxyType = 2;
			remoteGlobalIDString = 3F03978F24BE5DD30019F095;
			remoteInfo = AEPServicesTests;
		};
		B827413D25EF6FC900730F71 /* PBXContainerItemProxy */ = {
			isa = PBXContainerItemProxy;
			containerPortal = B827410925EF6FC900730F71 /* AEPCore.xcodeproj */;
			proxyType = 2;
			remoteGlobalIDString = 24B4934F24D4C31100AA38D9;
			remoteInfo = AEPSignal;
		};
		B827413F25EF6FC900730F71 /* PBXContainerItemProxy */ = {
			isa = PBXContainerItemProxy;
			containerPortal = B827410925EF6FC900730F71 /* AEPCore.xcodeproj */;
			proxyType = 2;
			remoteGlobalIDString = 24B4935724D4C31100AA38D9;
			remoteInfo = AEPSignalTests;
		};
		B827414125EF6FC900730F71 /* PBXContainerItemProxy */ = {
			isa = PBXContainerItemProxy;
			containerPortal = B827410925EF6FC900730F71 /* AEPCore.xcodeproj */;
			proxyType = 2;
			remoteGlobalIDString = 3F4256FC24F474F4005D4006;
			remoteInfo = AEPIntegrationTests;
		};
/* End PBXContainerItemProxy section */

/* Begin PBXCopyFilesBuildPhase section */
		58B511D91A9E6C8500147676 /* CopyFiles */ = {
			isa = PBXCopyFilesBuildPhase;
			buildActionMask = 2147483647;
			dstPath = "include/$(PRODUCT_NAME)";
			dstSubfolderSpec = 16;
			files = (
			);
			runOnlyForDeploymentPostprocessing = 0;
		};
/* End PBXCopyFilesBuildPhase section */

/* Begin PBXFileReference section */
		134814201AA4EA6300B7C361 /* libRNMobileCore.a */ = {isa = PBXFileReference; explicitFileType = archive.ar; includeInIndex = 0; path = libRNMobileCore.a; sourceTree = BUILT_PRODUCTS_DIR; };
		B827408525EF622000730F71 /* RNMobileCore.h */ = {isa = PBXFileReference; lastKnownFileType = sourcecode.c.h; path = RNMobileCore.h; sourceTree = "<group>"; };
		B827408625EF622000730F71 /* RNMobileCore.m */ = {isa = PBXFileReference; lastKnownFileType = sourcecode.c.objc; path = RNMobileCore.m; sourceTree = "<group>"; };
		B827410925EF6FC900730F71 /* AEPCore.xcodeproj */ = {isa = PBXFileReference; lastKnownFileType = "wrapper.pb-project"; name = AEPCore.xcodeproj; path = "../../../NPM Library/AEPSDK-CORE/AEPCore.xcodeproj"; sourceTree = "<group>"; };
/* End PBXFileReference section */

/* Begin PBXFrameworksBuildPhase section */
		58B511D81A9E6C8500147676 /* Frameworks */ = {
			isa = PBXFrameworksBuildPhase;
			buildActionMask = 2147483647;
			files = (
				B827414425EF715F00730F71 /* AEPCore.framework in Frameworks */,
			);
			runOnlyForDeploymentPostprocessing = 0;
		};
/* End PBXFrameworksBuildPhase section */

/* Begin PBXGroup section */
		134814211AA4EA7D00B7C361 /* Products */ = {
			isa = PBXGroup;
			children = (
				134814201AA4EA6300B7C361 /* libRNMobileCore.a */,
			);
			name = Products;
			sourceTree = "<group>";
		};
		58B511D21A9E6C8500147676 = {
			isa = PBXGroup;
			children = (
				B827408425EF622000730F71 /* Core */,
				134814211AA4EA7D00B7C361 /* Products */,
				B827410825EF6FC900730F71 /* Frameworks */,
			);
			sourceTree = "<group>";
		};
		B827408425EF622000730F71 /* Core */ = {
			isa = PBXGroup;
			children = (
				B827408525EF622000730F71 /* RNMobileCore.h */,
				B827408625EF622000730F71 /* RNMobileCore.m */,
			);
			name = Core;
			path = src/Core;
			sourceTree = "<group>";
		};
		B827410825EF6FC900730F71 /* Frameworks */ = {
			isa = PBXGroup;
			children = (
				B827410925EF6FC900730F71 /* AEPCore.xcodeproj */,
			);
			name = Frameworks;
			sourceTree = "<group>";
		};
		B827410A25EF6FC900730F71 /* Products */ = {
			isa = PBXGroup;
			children = (
				B827412A25EF6FC900730F71 /* AEPCore.framework */,
				B827412C25EF6FC900730F71 /* AEPCoreMocks.framework */,
				B827412E25EF6FC900730F71 /* AEPCoreTests.xctest */,
				B827413025EF6FC900730F71 /* AEPIdentity.framework */,
				B827413225EF6FC900730F71 /* AEPIdentityTests.xctest */,
				B827413425EF6FC900730F71 /* AEPLifecycle.framework */,
				B827413625EF6FC900730F71 /* AEPLifecycleTests.xctest */,
				B827413825EF6FC900730F71 /* AEPServices.framework */,
				B827413A25EF6FC900730F71 /* AEPServicesMocks.framework */,
				B827413C25EF6FC900730F71 /* AEPServicesTests.xctest */,
				B827413E25EF6FC900730F71 /* AEPSignal.framework */,
				B827414025EF6FC900730F71 /* AEPSignalTests.xctest */,
				B827414225EF6FC900730F71 /* AEPIntegrationTests.xctest */,
			);
			name = Products;
			sourceTree = "<group>";
		};
/* End PBXGroup section */

/* Begin PBXNativeTarget section */
		58B511DA1A9E6C8500147676 /* RNMobileCore */ = {
			isa = PBXNativeTarget;
			buildConfigurationList = 58B511EF1A9E6C8500147676 /* Build configuration list for PBXNativeTarget "RNMobileCore" */;
			buildPhases = (
				58B511D71A9E6C8500147676 /* Sources */,
				58B511D81A9E6C8500147676 /* Frameworks */,
				58B511D91A9E6C8500147676 /* CopyFiles */,
			);
			buildRules = (
			);
			dependencies = (
			);
			name = RNMobileCore;
			packageProductDependencies = (
			);
			productName = RCTDataManager;
			productReference = 134814201AA4EA6300B7C361 /* libRNMobileCore.a */;
			productType = "com.apple.product-type.library.static";
		};
/* End PBXNativeTarget section */

/* Begin PBXProject section */
		58B511D31A9E6C8500147676 /* Project object */ = {
			isa = PBXProject;
			attributes = {
				LastUpgradeCheck = 0830;
				ORGANIZATIONNAME = Facebook;
				TargetAttributes = {
					58B511DA1A9E6C8500147676 = {
						CreatedOnToolsVersion = 6.1.1;
					};
				};
			};
			buildConfigurationList = 58B511D61A9E6C8500147676 /* Build configuration list for PBXProject "RNMobileCore" */;
			compatibilityVersion = "Xcode 3.2";
			developmentRegion = English;
			hasScannedForEncodings = 0;
			knownRegions = (
				English,
				en,
			);
			mainGroup = 58B511D21A9E6C8500147676;
			packageReferences = (
			);
			productRefGroup = 58B511D21A9E6C8500147676;
			projectDirPath = "";
			projectReferences = (
				{
					ProductGroup = B827410A25EF6FC900730F71 /* Products */;
					ProjectRef = B827410925EF6FC900730F71 /* AEPCore.xcodeproj */;
				},
			);
			projectRoot = "";
			targets = (
				58B511DA1A9E6C8500147676 /* RNMobileCore */,
			);
		};
/* End PBXProject section */

/* Begin PBXReferenceProxy section */
		B827412A25EF6FC900730F71 /* AEPCore.framework */ = {
			isa = PBXReferenceProxy;
			fileType = wrapper.framework;
			path = AEPCore.framework;
			remoteRef = B827412925EF6FC900730F71 /* PBXContainerItemProxy */;
			sourceTree = BUILT_PRODUCTS_DIR;
		};
		B827412C25EF6FC900730F71 /* AEPCoreMocks.framework */ = {
			isa = PBXReferenceProxy;
			fileType = wrapper.framework;
			path = AEPCoreMocks.framework;
			remoteRef = B827412B25EF6FC900730F71 /* PBXContainerItemProxy */;
			sourceTree = BUILT_PRODUCTS_DIR;
		};
		B827412E25EF6FC900730F71 /* AEPCoreTests.xctest */ = {
			isa = PBXReferenceProxy;
			fileType = wrapper.cfbundle;
			path = AEPCoreTests.xctest;
			remoteRef = B827412D25EF6FC900730F71 /* PBXContainerItemProxy */;
			sourceTree = BUILT_PRODUCTS_DIR;
		};
		B827413025EF6FC900730F71 /* AEPIdentity.framework */ = {
			isa = PBXReferenceProxy;
			fileType = wrapper.framework;
			path = AEPIdentity.framework;
			remoteRef = B827412F25EF6FC900730F71 /* PBXContainerItemProxy */;
			sourceTree = BUILT_PRODUCTS_DIR;
		};
		B827413225EF6FC900730F71 /* AEPIdentityTests.xctest */ = {
			isa = PBXReferenceProxy;
			fileType = wrapper.cfbundle;
			path = AEPIdentityTests.xctest;
			remoteRef = B827413125EF6FC900730F71 /* PBXContainerItemProxy */;
			sourceTree = BUILT_PRODUCTS_DIR;
		};
		B827413425EF6FC900730F71 /* AEPLifecycle.framework */ = {
			isa = PBXReferenceProxy;
			fileType = wrapper.framework;
			path = AEPLifecycle.framework;
			remoteRef = B827413325EF6FC900730F71 /* PBXContainerItemProxy */;
			sourceTree = BUILT_PRODUCTS_DIR;
		};
		B827413625EF6FC900730F71 /* AEPLifecycleTests.xctest */ = {
			isa = PBXReferenceProxy;
			fileType = wrapper.cfbundle;
			path = AEPLifecycleTests.xctest;
			remoteRef = B827413525EF6FC900730F71 /* PBXContainerItemProxy */;
			sourceTree = BUILT_PRODUCTS_DIR;
		};
		B827413825EF6FC900730F71 /* AEPServices.framework */ = {
			isa = PBXReferenceProxy;
			fileType = wrapper.framework;
			path = AEPServices.framework;
			remoteRef = B827413725EF6FC900730F71 /* PBXContainerItemProxy */;
			sourceTree = BUILT_PRODUCTS_DIR;
		};
		B827413A25EF6FC900730F71 /* AEPServicesMocks.framework */ = {
			isa = PBXReferenceProxy;
			fileType = wrapper.framework;
			path = AEPServicesMocks.framework;
			remoteRef = B827413925EF6FC900730F71 /* PBXContainerItemProxy */;
			sourceTree = BUILT_PRODUCTS_DIR;
		};
		B827413C25EF6FC900730F71 /* AEPServicesTests.xctest */ = {
			isa = PBXReferenceProxy;
			fileType = wrapper.cfbundle;
			path = AEPServicesTests.xctest;
			remoteRef = B827413B25EF6FC900730F71 /* PBXContainerItemProxy */;
			sourceTree = BUILT_PRODUCTS_DIR;
		};
		B827413E25EF6FC900730F71 /* AEPSignal.framework */ = {
			isa = PBXReferenceProxy;
			fileType = wrapper.framework;
			path = AEPSignal.framework;
			remoteRef = B827413D25EF6FC900730F71 /* PBXContainerItemProxy */;
			sourceTree = BUILT_PRODUCTS_DIR;
		};
		B827414025EF6FC900730F71 /* AEPSignalTests.xctest */ = {
			isa = PBXReferenceProxy;
			fileType = wrapper.cfbundle;
			path = AEPSignalTests.xctest;
			remoteRef = B827413F25EF6FC900730F71 /* PBXContainerItemProxy */;
			sourceTree = BUILT_PRODUCTS_DIR;
		};
		B827414225EF6FC900730F71 /* AEPIntegrationTests.xctest */ = {
			isa = PBXReferenceProxy;
			fileType = wrapper.cfbundle;
			path = AEPIntegrationTests.xctest;
			remoteRef = B827414125EF6FC900730F71 /* PBXContainerItemProxy */;
			sourceTree = BUILT_PRODUCTS_DIR;
		};
/* End PBXReferenceProxy section */

/* Begin PBXSourcesBuildPhase section */
		58B511D71A9E6C8500147676 /* Sources */ = {
			isa = PBXSourcesBuildPhase;
			buildActionMask = 2147483647;
			files = (
				B827408825EF623100730F71 /* RNMobileCore.m in Sources */,
			);
			runOnlyForDeploymentPostprocessing = 0;
		};
/* End PBXSourcesBuildPhase section */

/* Begin XCBuildConfiguration section */
		58B511ED1A9E6C8500147676 /* Debug */ = {
			isa = XCBuildConfiguration;
			buildSettings = {
				ALWAYS_SEARCH_USER_PATHS = NO;
				CLANG_CXX_LANGUAGE_STANDARD = "gnu++0x";
				CLANG_CXX_LIBRARY = "libc++";
				CLANG_ENABLE_MODULES = YES;
				CLANG_ENABLE_OBJC_ARC = YES;
				CLANG_WARN_BOOL_CONVERSION = YES;
				CLANG_WARN_CONSTANT_CONVERSION = YES;
				CLANG_WARN_DIRECT_OBJC_ISA_USAGE = YES_ERROR;
				CLANG_WARN_EMPTY_BODY = YES;
				CLANG_WARN_ENUM_CONVERSION = YES;
				CLANG_WARN_INFINITE_RECURSION = YES;
				CLANG_WARN_INT_CONVERSION = YES;
				CLANG_WARN_OBJC_ROOT_CLASS = YES_ERROR;
				CLANG_WARN_SUSPICIOUS_MOVE = YES;
				CLANG_WARN_UNREACHABLE_CODE = YES;
				CLANG_WARN__DUPLICATE_METHOD_MATCH = YES;
				COPY_PHASE_STRIP = NO;
				ENABLE_STRICT_OBJC_MSGSEND = YES;
				ENABLE_TESTABILITY = YES;
				GCC_C_LANGUAGE_STANDARD = gnu99;
				GCC_DYNAMIC_NO_PIC = NO;
				GCC_NO_COMMON_BLOCKS = YES;
				GCC_OPTIMIZATION_LEVEL = 0;
				GCC_PREPROCESSOR_DEFINITIONS = (
					"DEBUG=1",
					"$(inherited)",
				);
				GCC_SYMBOLS_PRIVATE_EXTERN = NO;
				GCC_WARN_64_TO_32_BIT_CONVERSION = YES;
				GCC_WARN_ABOUT_RETURN_TYPE = YES_ERROR;
				GCC_WARN_UNDECLARED_SELECTOR = YES;
				GCC_WARN_UNINITIALIZED_AUTOS = YES_AGGRESSIVE;
				GCC_WARN_UNUSED_FUNCTION = YES;
				GCC_WARN_UNUSED_VARIABLE = YES;
				IPHONEOS_DEPLOYMENT_TARGET = 8.0;
				MTL_ENABLE_DEBUG_INFO = YES;
				ONLY_ACTIVE_ARCH = YES;
				SDKROOT = iphoneos;
			};
			name = Debug;
		};
		58B511EE1A9E6C8500147676 /* Release */ = {
			isa = XCBuildConfiguration;
			buildSettings = {
				ALWAYS_SEARCH_USER_PATHS = NO;
				CLANG_CXX_LANGUAGE_STANDARD = "gnu++0x";
				CLANG_CXX_LIBRARY = "libc++";
				CLANG_ENABLE_MODULES = YES;
				CLANG_ENABLE_OBJC_ARC = YES;
				CLANG_WARN_BOOL_CONVERSION = YES;
				CLANG_WARN_CONSTANT_CONVERSION = YES;
				CLANG_WARN_DIRECT_OBJC_ISA_USAGE = YES_ERROR;
				CLANG_WARN_EMPTY_BODY = YES;
				CLANG_WARN_ENUM_CONVERSION = YES;
				CLANG_WARN_INFINITE_RECURSION = YES;
				CLANG_WARN_INT_CONVERSION = YES;
				CLANG_WARN_OBJC_ROOT_CLASS = YES_ERROR;
				CLANG_WARN_SUSPICIOUS_MOVE = YES;
				CLANG_WARN_UNREACHABLE_CODE = YES;
				CLANG_WARN__DUPLICATE_METHOD_MATCH = YES;
				COPY_PHASE_STRIP = YES;
				ENABLE_NS_ASSERTIONS = NO;
				ENABLE_STRICT_OBJC_MSGSEND = YES;
				GCC_C_LANGUAGE_STANDARD = gnu99;
				GCC_NO_COMMON_BLOCKS = YES;
				GCC_WARN_64_TO_32_BIT_CONVERSION = YES;
				GCC_WARN_ABOUT_RETURN_TYPE = YES_ERROR;
				GCC_WARN_UNDECLARED_SELECTOR = YES;
				GCC_WARN_UNINITIALIZED_AUTOS = YES_AGGRESSIVE;
				GCC_WARN_UNUSED_FUNCTION = YES;
				GCC_WARN_UNUSED_VARIABLE = YES;
				IPHONEOS_DEPLOYMENT_TARGET = 8.0;
				MTL_ENABLE_DEBUG_INFO = NO;
				SDKROOT = iphoneos;
				VALIDATE_PRODUCT = YES;
			};
			name = Release;
		};
		58B511F01A9E6C8500147676 /* Debug */ = {
			isa = XCBuildConfiguration;
			buildSettings = {
				HEADER_SEARCH_PATHS = (
					"$(inherited)",
					/Applications/Xcode.app/Contents/Developer/Toolchains/XcodeDefault.xctoolchain/usr/include,
					"$(SRCROOT)/../../../React/**",
					"$(SRCROOT)/../../react-native/React/**",
				);
				LIBRARY_SEARCH_PATHS = "$(inherited)";
				OTHER_LDFLAGS = "-ObjC";
				PRODUCT_NAME = RNMobileCore;
				SKIP_INSTALL = YES;
			};
			name = Debug;
		};
		58B511F11A9E6C8500147676 /* Release */ = {
			isa = XCBuildConfiguration;
			buildSettings = {
				HEADER_SEARCH_PATHS = (
					"$(inherited)",
					/Applications/Xcode.app/Contents/Developer/Toolchains/XcodeDefault.xctoolchain/usr/include,
					"$(SRCROOT)/../../../React/**",
					"$(SRCROOT)/../../react-native/React/**",
				);
				LIBRARY_SEARCH_PATHS = "$(inherited)";
				OTHER_LDFLAGS = "-ObjC";
				PRODUCT_NAME = RNMobileCore;
				SKIP_INSTALL = YES;
			};
			name = Release;
		};
/* End XCBuildConfiguration section */

/* Begin XCConfigurationList section */
		58B511D61A9E6C8500147676 /* Build configuration list for PBXProject "RNMobileCore" */ = {
			isa = XCConfigurationList;
			buildConfigurations = (
				58B511ED1A9E6C8500147676 /* Debug */,
				58B511EE1A9E6C8500147676 /* Release */,
			);
			defaultConfigurationIsVisible = 0;
			defaultConfigurationName = Release;
		};
		58B511EF1A9E6C8500147676 /* Build configuration list for PBXNativeTarget "RNMobileCore" */ = {
			isa = XCConfigurationList;
			buildConfigurations = (
				58B511F01A9E6C8500147676 /* Debug */,
				58B511F11A9E6C8500147676 /* Release */,
			);
			defaultConfigurationIsVisible = 0;
			defaultConfigurationName = Release;
		};
/* End XCConfigurationList section */
	};
	rootObject = 58B511D31A9E6C8500147676 /* Project object */;
}
